{
  "name": "CNL_finalproject",
  "lockfileVersion": 3,
  "requires": true,
  "packages": {
    "": {
      "dependencies": {
        "final": "^0.2.0",
        "geolocation": "^0.0.0"
      }
    },
    "node_modules/final": {
      "version": "0.2.0",
      "resolved": "https://registry.npmjs.org/final/-/final-0.2.0.tgz",
      "integrity": "sha512-a+vBNIio8nZYzRNRrM40toh37B2ss22HgOC28YYqvjelavfg5MI9DrUzx3U5oeX65N90otxpsNTOdaxY7DEwlA==",
      "license": "ISC",
      "dependencies": {
        "lodash": "^4.6.1",
        "minimist": "^1.2.0"
      },
      "engines": {
        "node": ">= 4.0.0"
      }
    },
    "node_modules/geolocation": {
      "version": "0.0.0",
      "resolved": "https://registry.npmjs.org/geolocation/-/geolocation-0.0.0.tgz",
      "integrity": "sha512-DGhMAWE877o7sROrO8cpXBqa2MhI/PV41WevnIu3J8+oNWDExRgLQfrCcQzxPom27RIq/X/xNDHZYNwAlk3QfA==",
      "license": "MIT",
      "dependencies": {
        "inherits": "~1.0.0"
      }
    },
    "node_modules/inherits": {
      "version": "1.0.2",
      "resolved": "https://registry.npmjs.org/inherits/-/inherits-1.0.2.tgz",
      "integrity": "sha512-Al67oatbRSo3RV5hRqIoln6Y5yMVbJSIn4jEJNL7VCImzq/kLr7vvb6sFRJXqr8rpHc/2kJOM+y0sPKN47VdzA=="
    },
    "node_modules/lodash": {
      "version": "4.17.21",
      "resolved": "https://registry.npmjs.org/lodash/-/lodash-4.17.21.tgz",
      "integrity": "sha512-v2kDEe57lecTulaDIuNTPy3Ry4gLGJ6Z1O3vE1krgXZNrsQ+LFTGHVxVjcXPs17LhbZVGedAJv8XZ1tvj5FvSg==",
      "license": "MIT"
    },
    "node_modules/minimist": {
      "version": "1.2.8",
      "resolved": "https://registry.npmjs.org/minimist/-/minimist-1.2.8.tgz",
      "integrity": "sha512-2yyAR8qBkN3YuheJanUpWC5U3bb5osDywNB8RzDVlDwDHbocAJveqqj1u8+SVD7jkWT4yvsHCpWqqWqAxb0zCA==",
      "license": "MIT",
      "funding": {
        "url": "https://github.com/sponsors/ljharb"
      }
    }
  }
}
