# THIS IS AN AUTOGENERATED FILE. DO NOT EDIT THIS FILE DIRECTLY.
# yarn lockfile v1


"@floating-ui/core@^1.0.0":
  version "1.6.2"
  resolved "https://registry.yarnpkg.com/@floating-ui/core/-/core-1.6.2.tgz#d37f3e0ac1f1c756c7de45db13303a266226851a"
  integrity sha512-+2XpQV9LLZeanU4ZevzRnGFg2neDeKHgFLjP6YLW+tly0IvrhqT4u8enLGjLH3qeh85g19xY5rsAusfwTdn5lg==
  dependencies:
    "@floating-ui/utils" "^0.2.0"

"@floating-ui/dom@^1.0.0":
  version "1.6.5"
  resolved "https://registry.yarnpkg.com/@floating-ui/dom/-/dom-1.6.5.tgz#323f065c003f1d3ecf0ff16d2c2c4d38979f4cb9"
  integrity sha512-Nsdud2X65Dz+1RHjAIP0t8z5e2ff/IRbei6BqFrl1urT8sDVzM1HMQ+R0XcU5ceRfyO3I6ayeqIfh+6Wb8LGTw==
  dependencies:
    "@floating-ui/core" "^1.0.0"
    "@floating-ui/utils" "^0.2.0"

"@floating-ui/react-dom@^2.1.0":
  version "2.1.0"
  resolved "https://registry.yarnpkg.com/@floating-ui/react-dom/-/react-dom-2.1.0.tgz#4f0e5e9920137874b2405f7d6c862873baf4beff"
  integrity sha512-lNzj5EQmEKn5FFKc04+zasr09h/uX8RtJRNj5gUXsSQIXHVWTVh+hVAg1vOMCexkX8EgvemMvIFpQfkosnVNyA==
  dependencies:
    "@floating-ui/dom" "^1.0.0"

"@floating-ui/react@^0.26.2":
  version "0.26.16"
  resolved "https://registry.yarnpkg.com/@floating-ui/react/-/react-0.26.16.tgz#3415a087f452165161c2d313d1d57e8142894679"
  integrity sha512-HEf43zxZNAI/E781QIVpYSF3K2VH4TTYZpqecjdsFkjsaU1EbaWcM++kw0HXFffj7gDUcBFevX8s0rQGQpxkow==
  dependencies:
    "@floating-ui/react-dom" "^2.1.0"
    "@floating-ui/utils" "^0.2.0"
    tabbable "^6.0.0"

"@floating-ui/utils@^0.2.0":
  version "0.2.2"
  resolved "https://registry.yarnpkg.com/@floating-ui/utils/-/utils-0.2.2.tgz#d8bae93ac8b815b2bd7a98078cf91e2724ef11e5"
  integrity sha512-J4yDIIthosAsRZ5CPYP/jQvUAQtlZTTD/4suA08/FEnlxqW3sKS9iAhgsa9VYLZ6vDHn/ixJgIqRQPotoBjxIw==

clsx@^2.1.0:
  version "2.1.1"
  resolved "https://registry.yarnpkg.com/clsx/-/clsx-2.1.1.tgz#eed397c9fd8bd882bfb18deab7102049a2f32999"
  integrity sha512-eYm0QWBtUrBWZWG0d386OGAw16Z995PiOVo2B7bjWSbHedGl5e0ZWaq65kOGgUSNesEIDkB9ISbTg/JK9dhCZA==

date-fns@^3.3.1:
  version "3.6.0"
  resolved "https://registry.yarnpkg.com/date-fns/-/date-fns-3.6.0.tgz#f20ca4fe94f8b754951b24240676e8618c0206bf"
  integrity sha512-fRHTG8g/Gif+kSh50gaGEdToemgfj74aRX3swtiouboip5JDLAyDE9F11nHMIcvOaXeOC6D7SpNhi7uFyB7Uww==

"js-tokens@^3.0.0 || ^4.0.0":
  version "4.0.0"
  resolved "https://registry.yarnpkg.com/js-tokens/-/js-tokens-4.0.0.tgz#19203fb59991df98e3a287050d4647cdeaf32499"
  integrity sha512-RdJUflcE3cUzKiMqQgsCu06FPu9UdIJO0beYbPhHN4k6apgJtifcoCtT9bcxOpYBtpD2kCM6Sbzg4CausW/PKQ==

loose-envify@^1.4.0:
  version "1.4.0"
  resolved "https://registry.yarnpkg.com/loose-envify/-/loose-envify-1.4.0.tgz#71ee51fa7be4caec1a63839f7e682d8132d30caf"
  integrity sha512-lyuxPGr/Wfhrlem2CL/UcnUc1zcqKAImBDzukY7Y5F/yQiNdko6+fRLevlw1HgMySw7f611UIY408EtxRSoK3Q==
  dependencies:
    js-tokens "^3.0.0 || ^4.0.0"

object-assign@^4.1.1:
  version "4.1.1"
  resolved "https://registry.yarnpkg.com/object-assign/-/object-assign-4.1.1.tgz#2109adc7965887cfc05cbbd442cac8bfbb360863"
  integrity sha512-rJgTQnkUnH1sFw8yT6VSU3zD3sWmu6sZhIseY8VX+GRu3P6F7Fu+JNDoXfklElbLJSnc3FUQHVe4cU5hj+BcUg==

prop-types@^15.7.2:
  version "15.8.1"
  resolved "https://registry.yarnpkg.com/prop-types/-/prop-types-15.8.1.tgz#67d87bf1a694f48435cf332c24af10214a3140b5"
  integrity sha512-oj87CgZICdulUohogVAR7AjlC0327U4el4L6eAvOqCeudMDVU0NThNaV+b9Df4dXgSP1gXMTnPdhfe/2qDH5cg==
  dependencies:
    loose-envify "^1.4.0"
    object-assign "^4.1.1"
    react-is "^16.13.1"

react-datepicker@^6.9.0:
  version "6.9.0"
  resolved "https://registry.yarnpkg.com/react-datepicker/-/react-datepicker-6.9.0.tgz#0ad234dad81d567ae64cad79697bbad69c95490b"
  integrity sha512-QTxuzeem7BUfVFWv+g5WuvzT0c5BPo+XTCNbMTZKSZQLU+cMMwSUHwspaxuIcDlwNcOH0tiJ+bh1fJ2yxOGYWA==
  dependencies:
    "@floating-ui/react" "^0.26.2"
    clsx "^2.1.0"
    date-fns "^3.3.1"
    prop-types "^15.7.2"
    react-onclickoutside "^6.13.0"

react-is@^16.13.1:
  version "16.13.1"
  resolved "https://registry.yarnpkg.com/react-is/-/react-is-16.13.1.tgz#789729a4dc36de2999dc156dd6c1d9c18cea56a4"
  integrity sha512-24e6ynE2H+OKt4kqsOvNd8kBpV65zoxbA4BVsEOB3ARVWQki/DHzaUoC5KuON/BiccDaCCTZBuOcfZs70kR8bQ==

react-onclickoutside@^6.13.0:
  version "6.13.1"
  resolved "https://registry.yarnpkg.com/react-onclickoutside/-/react-onclickoutside-6.13.1.tgz#1f5e0241c08784b6e65745d91aca0d700c548a89"
  integrity sha512-LdrrxK/Yh9zbBQdFbMTXPp3dTSN9B+9YJQucdDu3JNKRrbdU+H+/TVONJoWtOwy4II8Sqf1y/DTI6w/vGPYW0w==

tabbable@^6.0.0:
  version "6.2.0"
  resolved "https://registry.yarnpkg.com/tabbable/-/tabbable-6.2.0.tgz#732fb62bc0175cfcec257330be187dcfba1f3b97"
  integrity sha512-Cat63mxsVJlzYvN51JmVXIgNoUokrIaT2zLclCXjRd8boZ0004U4KCs/sToJ75C6sdlByWxpYnb5Boif1VSFew==
