# THIS IS AN AUTOGENERATED FILE. DO NOT EDIT THIS FILE DIRECTLY.
# yarn lockfile v1


final@^0.2.0:
  version "0.2.0"
  resolved "https://registry.yarnpkg.com/final/-/final-0.2.0.tgz#24efc4b45b123c7877e7c97ff0655a264b4be7a6"
  integrity sha512-a+vBNIio8nZYzRNRrM40toh37B2ss22HgOC28YYqvjelavfg5MI9DrUzx3U5oeX65N90otxpsNTOdaxY7DEwlA==
  dependencies:
    lodash "^4.6.1"
    minimist "^1.2.0"

lodash@^4.6.1:
  version "4.17.21"
  resolved "https://registry.yarnpkg.com/lodash/-/lodash-4.17.21.tgz#679591c564c3bffaae8454cf0b3df370c3d6911c"
  integrity sha512-v2kDEe57lecTulaDIuNTPy3Ry4gLGJ6Z1O3vE1krgXZNrsQ+LFTGHVxVjcXPs17LhbZVGedAJv8XZ1tvj5FvSg==

minimist@^1.2.0:
  version "1.2.8"
  resolved "https://registry.yarnpkg.com/minimist/-/minimist-1.2.8.tgz#c1a464e7693302e082a075cee0c057741ac4772c"
  integrity sha512-2yyAR8qBkN3YuheJanUpWC5U3bb5osDywNB8RzDVlDwDHbocAJveqqj1u8+SVD7jkWT4yvsHCpWqqWqAxb0zCA==
